
Microsoft Visual Studio Solution File, Format Version 12.00
# Visual Studio Version 17
VisualStudioVersion = 17.2.32516.85
MinimumVisualStudioVersion = 10.0.40219.1
Project("{FAE04EC0-301F-11D3-BF4B-00C04F79EFBC}") = "cafeEsoterico", "cafeEsoterico\cafeEsoterico.csproj", "{F4F330C1-F2E1-4B1F-B5CA-748E8898803A}"
EndProject
Global
	GlobalSection(SolutionConfigurationPlatforms) = preSolution
		Debug|Any CPU = Debug|Any CPU
		Release|Any CPU = Release|Any CPU
	EndGlobalSection
	GlobalSection(ProjectConfigurationPlatforms) = postSolution
		{F4F330C1-F2E1-4B1F-B5CA-748E8898803A}.Debug|Any CPU.ActiveCfg = Debug|Any CPU
		{F4F330C1-F2E1-4B1F-B5CA-748E8898803A}.Debug|Any CPU.Build.0 = Debug|Any CPU
		{F4F330C1-F2E1-4B1F-B5CA-748E8898803A}.Release|Any CPU.ActiveCfg = Release|Any CPU
		{F4F330C1-F2E1-4B1F-B5CA-748E8898803A}.Release|Any CPU.Build.0 = Release|Any CPU
	EndGlobalSection
	GlobalSection(SolutionProperties) = preSolution
		HideSolutionNode = FALSE
	EndGlobalSection
	GlobalSection(ExtensibilityGlobals) = postSolution
		SolutionGuid = {04E3AFF2-BE95-478C-9896-1298DB8492EB}
	EndGlobalSection
EndGlobal
